
Microsoft Visual Studio Solution File, Format Version 12.00
# Visual Studio Version 17
VisualStudioVersion = 17.14.36408.4 d17.14
MinimumVisualStudioVersion = 10.0.40219.1
Project("{FAE04EC0-301F-11D3-BF4B-00C04F79EFBC}") = "Restaurant_1", "Restaurant_1\Restaurant_1.csproj", "{70430879-66F2-4BA4-80BC-32A5369DF185}"
EndProject
Global
	GlobalSection(SolutionConfigurationPlatforms) = preSolution
		Debug|Any CPU = Debug|Any CPU
		Release|Any CPU = Release|Any CPU
	EndGlobalSection
	GlobalSection(ProjectConfigurationPlatforms) = postSolution
		{70430879-66F2-4BA4-80BC-32A5369DF185}.Debug|Any CPU.ActiveCfg = Debug|Any CPU
		{70430879-66F2-4BA4-80BC-32A5369DF185}.Debug|Any CPU.Build.0 = Debug|Any CPU
		{70430879-66F2-4BA4-80BC-32A5369DF185}.Release|Any CPU.ActiveCfg = Release|Any CPU
		{70430879-66F2-4BA4-80BC-32A5369DF185}.Release|Any CPU.Build.0 = Release|Any CPU
	EndGlobalSection
	GlobalSection(SolutionProperties) = preSolution
		HideSolutionNode = FALSE
	EndGlobalSection
	GlobalSection(ExtensibilityGlobals) = postSolution
		SolutionGuid = {3DC70FF6-316E-48D5-A192-594DD569BF7A}
	EndGlobalSection
EndGlobal
